
Microsoft Visual Studio Solution File, Format Version 12.00
# Visual Studio Version 16
VisualStudioVersion = 16.0.31321.278
MinimumVisualStudioVersion = 10.0.40219.1
Project("{9A19103F-16F7-4668-BE54-9A1E7A4F7556}") = "LyandOS", "Cosmos1\LyandOS.csproj", "{1B4AEE5E-81B7-42DA-8CA1-ACA36D3C552A}"
EndProject
Global
	GlobalSection(SolutionConfigurationPlatforms) = preSolution
		Debug|Any CPU = Debug|Any CPU
		Release|Any CPU = Release|Any CPU
	EndGlobalSection
	GlobalSection(ProjectConfigurationPlatforms) = postSolution
		{1B4AEE5E-81B7-42DA-8CA1-ACA36D3C552A}.Debug|Any CPU.ActiveCfg = Debug|Any CPU
		{1B4AEE5E-81B7-42DA-8CA1-ACA36D3C552A}.Debug|Any CPU.Build.0 = Debug|Any CPU
		{1B4AEE5E-81B7-42DA-8CA1-ACA36D3C552A}.Release|Any CPU.ActiveCfg = Release|Any CPU
		{1B4AEE5E-81B7-42DA-8CA1-ACA36D3C552A}.Release|Any CPU.Build.0 = Release|Any CPU
	EndGlobalSection
	GlobalSection(SolutionProperties) = preSolution
		HideSolutionNode = FALSE
	EndGlobalSection
	GlobalSection(ExtensibilityGlobals) = postSolution
		SolutionGuid = {BEAFBD27-13A6-4D11-BC3F-B2C21EB8BE4B}
	EndGlobalSection
EndGlobal
